# This file is automatically @generated by Poetry 1.8.3 and should not be changed by hand.

[[package]]
name = "colorama"
version = "0.4.6"
description = "Cross-platform colored terminal text."
optional = false
python-versions = "!=3.0.*,!=3.1.*,!=3.2.*,!=3.3.*,!=3.4.*,!=3.5.*,!=3.6.*,>=2.7"
files = [
    {file = "colorama-0.4.6-py2.py3-none-any.whl", hash = "sha256:4f1d9991f5acc0ca119f9d443620b77f9d6b33703e51011c16baf57afb285fc6"},
    {file = "colorama-0.4.6.tar.gz", hash = "sha256:08695f5cb7ed6e0531a20572697297273c47b8cae5a63ffc6d6ed5c201be6e44"},
]

[[package]]
name = "iniconfig"
version = "2.0.0"
description = "brain-dead simple config-ini parsing"
optional = false
python-versions = ">=3.7"
files = [
    {file = "iniconfig-2.0.0-py3-none-any.whl", hash = "sha256:b6a85871a79d2e3b22d2d1b94ac2824226a63c6b741c88f7ae975f18b6778374"},
    {file = "iniconfig-2.0.0.tar.gz", hash = "sha256:2d91e135bf72d31a410b17c16da610a82cb55f6b0477d1a902134b24a455b8b3"},
]

[[package]]
name = "packaging"
version = "24.1"
description = "Core utilities for Python packages"
optional = false
python-versions = ">=3.8"
files = [
    {file = "packaging-24.1-py3-none-any.whl", hash = "sha256:5b8f2217dbdbd2f7f384c41c628544e6d52f2d0f53c6d0c3ea61aa5d1d7ff124"},
    {file = "packaging-24.1.tar.gz", hash = "sha256:026ed72c8ed3fcce5bf8950572258698927fd1dbda10a5e981cdf0ac37f4f002"},
]

[[package]]
name = "pillow"
version = "10.3.0"
description = "Python Imaging Library (Fork)"
optional = false
python-versions = ">=3.8"
files = [
    {file = "pillow-10.3.0-cp310-cp310-macosx_10_10_x86_64.whl", hash = "sha256:90b9e29824800e90c84e4022dd5cc16eb2d9605ee13f05d47641eb183cd73d45"},
    {file = "pillow-10.3.0-cp310-cp310-macosx_11_0_arm64.whl", hash = "sha256:a2c405445c79c3f5a124573a051062300936b0281fee57637e706453e452746c"},
    {file = "pillow-10.3.0-cp310-cp310-manylinux_2_17_aarch64.manylinux2014_aarch64.whl", hash = "sha256:78618cdbccaa74d3f88d0ad6cb8ac3007f1a6fa5c6f19af64b55ca170bfa1edf"},
    {file = "pillow-10.3.0-cp310-cp310-manylinux_2_17_x86_64.manylinux2014_x86_64.whl", hash = "sha256:261ddb7ca91fcf71757979534fb4c128448b5b4c55cb6152d280312062f69599"},
    {file = "pillow-10.3.0-cp310-cp310-manylinux_2_28_aarch64.whl", hash = "sha256:ce49c67f4ea0609933d01c0731b34b8695a7a748d6c8d186f95e7d085d2fe475"},
    {file = "pillow-10.3.0-cp310-cp310-manylinux_2_28_x86_64.whl", hash = "sha256:b14f16f94cbc61215115b9b1236f9c18403c15dd3c52cf629072afa9d54c1cbf"},
    {file = "pillow-10.3.0-cp310-cp310-musllinux_1_1_aarch64.whl", hash = "sha256:d33891be6df59d93df4d846640f0e46f1a807339f09e79a8040bc887bdcd7ed3"},
    {file = "pillow-10.3.0-cp310-cp310-musllinux_1_1_x86_64.whl", hash = "sha256:b50811d664d392f02f7761621303eba9d1b056fb1868c8cdf4231279645c25f5"},
    {file = "pillow-10.3.0-cp310-cp310-win32.whl", hash = "sha256:ca2870d5d10d8726a27396d3ca4cf7976cec0f3cb706debe88e3a5bd4610f7d2"},
    {file = "pillow-10.3.0-cp310-cp310-win_amd64.whl", hash = "sha256:f0d0591a0aeaefdaf9a5e545e7485f89910c977087e7de2b6c388aec32011e9f"},
    {file = "pillow-10.3.0-cp310-cp310-win_arm64.whl", hash = "sha256:ccce24b7ad89adb5a1e34a6ba96ac2530046763912806ad4c247356a8f33a67b"},
    {file = "pillow-10.3.0-cp311-cp311-macosx_10_10_x86_64.whl", hash = "sha256:5f77cf66e96ae734717d341c145c5949c63180842a545c47a0ce7ae52ca83795"},
    {file = "pillow-10.3.0-cp311-cp311-macosx_11_0_arm64.whl", hash = "sha256:e4b878386c4bf293578b48fc570b84ecfe477d3b77ba39a6e87150af77f40c57"},
    {file = "pillow-10.3.0-cp311-cp311-manylinux_2_17_aarch64.manylinux2014_aarch64.whl", hash = "sha256:fdcbb4068117dfd9ce0138d068ac512843c52295ed996ae6dd1faf537b6dbc27"},
    {file = "pillow-10.3.0-cp311-cp311-manylinux_2_17_x86_64.manylinux2014_x86_64.whl", hash = "sha256:9797a6c8fe16f25749b371c02e2ade0efb51155e767a971c61734b1bf6293994"},
    {file = "pillow-10.3.0-cp311-cp311-manylinux_2_28_aarch64.whl", hash = "sha256:9e91179a242bbc99be65e139e30690e081fe6cb91a8e77faf4c409653de39451"},
    {file = "pillow-10.3.0-cp311-cp311-manylinux_2_28_x86_64.whl", hash = "sha256:1b87bd9d81d179bd8ab871603bd80d8645729939f90b71e62914e816a76fc6bd"},
    {file = "pillow-10.3.0-cp311-cp311-musllinux_1_1_aarch64.whl", hash = "sha256:81d09caa7b27ef4e61cb7d8fbf1714f5aec1c6b6c5270ee53504981e6e9121ad"},
    {file = "pillow-10.3.0-cp311-cp311-musllinux_1_1_x86_64.whl", hash = "sha256:048ad577748b9fa4a99a0548c64f2cb8d672d5bf2e643a739ac8faff1164238c"},
    {file = "pillow-10.3.0-cp311-cp311-win32.whl", hash = "sha256:7161ec49ef0800947dc5570f86568a7bb36fa97dd09e9827dc02b718c5643f09"},
    {file = "pillow-10.3.0-cp311-cp311-win_amd64.whl", hash = "sha256:8eb0908e954d093b02a543dc963984d6e99ad2b5e36503d8a0aaf040505f747d"},
    {file = "pillow-10.3.0-cp311-cp311-win_arm64.whl", hash = "sha256:4e6f7d1c414191c1199f8996d3f2282b9ebea0945693fb67392c75a3a320941f"},
    {file = "pillow-10.3.0-cp312-cp312-macosx_10_10_x86_64.whl", hash = "sha256:e46f38133e5a060d46bd630faa4d9fa0202377495df1f068a8299fd78c84de84"},
    {file = "pillow-10.3.0-cp312-cp312-macosx_11_0_arm64.whl", hash = "sha256:50b8eae8f7334ec826d6eeffaeeb00e36b5e24aa0b9df322c247539714c6df19"},
    {file = "pillow-10.3.0-cp312-cp312-manylinux_2_17_aarch64.manylinux2014_aarch64.whl", hash = "sha256:9d3bea1c75f8c53ee4d505c3e67d8c158ad4df0d83170605b50b64025917f338"},
    {file = "pillow-10.3.0-cp312-cp312-manylinux_2_17_x86_64.manylinux2014_x86_64.whl", hash = "sha256:19aeb96d43902f0a783946a0a87dbdad5c84c936025b8419da0a0cd7724356b1"},
    {file = "pillow-10.3.0-cp312-cp312-manylinux_2_28_aarch64.whl", hash = "sha256:74d28c17412d9caa1066f7a31df8403ec23d5268ba46cd0ad2c50fb82ae40462"},
    {file = "pillow-10.3.0-cp312-cp312-manylinux_2_28_x86_64.whl", hash = "sha256:ff61bfd9253c3915e6d41c651d5f962da23eda633cf02262990094a18a55371a"},
    {file = "pillow-10.3.0-cp312-cp312-musllinux_1_1_aarch64.whl", hash = "sha256:d886f5d353333b4771d21267c7ecc75b710f1a73d72d03ca06df49b09015a9ef"},
    {file = "pillow-10.3.0-cp312-cp312-musllinux_1_1_x86_64.whl", hash = "sha256:4b5ec25d8b17217d635f8935dbc1b9aa5907962fae29dff220f2659487891cd3"},
    {file = "pillow-10.3.0-cp312-cp312-win32.whl", hash = "sha256:51243f1ed5161b9945011a7360e997729776f6e5d7005ba0c6879267d4c5139d"},
    {file = "pillow-10.3.0-cp312-cp312-win_amd64.whl", hash = "sha256:412444afb8c4c7a6cc11a47dade32982439925537e483be7c0ae0cf96c4f6a0b"},
    {file = "pillow-10.3.0-cp312-cp312-win_arm64.whl", hash = "sha256:798232c92e7665fe82ac085f9d8e8ca98826f8e27859d9a96b41d519ecd2e49a"},
    {file = "pillow-10.3.0-cp38-cp38-macosx_10_10_x86_64.whl", hash = "sha256:4eaa22f0d22b1a7e93ff0a596d57fdede2e550aecffb5a1ef1106aaece48e96b"},
    {file = "pillow-10.3.0-cp38-cp38-macosx_11_0_arm64.whl", hash = "sha256:cd5e14fbf22a87321b24c88669aad3a51ec052eb145315b3da3b7e3cc105b9a2"},
    {file = "pillow-10.3.0-cp38-cp38-manylinux_2_17_aarch64.manylinux2014_aarch64.whl", hash = "sha256:1530e8f3a4b965eb6a7785cf17a426c779333eb62c9a7d1bbcf3ffd5bf77a4aa"},
    {file = "pillow-10.3.0-cp38-cp38-manylinux_2_17_x86_64.manylinux2014_x86_64.whl", hash = "sha256:5d512aafa1d32efa014fa041d38868fda85028e3f930a96f85d49c7d8ddc0383"},
    {file = "pillow-10.3.0-cp38-cp38-manylinux_2_28_aarch64.whl", hash = "sha256:339894035d0ede518b16073bdc2feef4c991ee991a29774b33e515f1d308e08d"},
    {file = "pillow-10.3.0-cp38-cp38-manylinux_2_28_x86_64.whl", hash = "sha256:aa7e402ce11f0885305bfb6afb3434b3cd8f53b563ac065452d9d5654c7b86fd"},
    {file = "pillow-10.3.0-cp38-cp38-musllinux_1_1_aarch64.whl", hash = "sha256:0ea2a783a2bdf2a561808fe4a7a12e9aa3799b701ba305de596bc48b8bdfce9d"},
    {file = "pillow-10.3.0-cp38-cp38-musllinux_1_1_x86_64.whl", hash = "sha256:c78e1b00a87ce43bb37642c0812315b411e856a905d58d597750eb79802aaaa3"},
    {file = "pillow-10.3.0-cp38-cp38-win32.whl", hash = "sha256:72d622d262e463dfb7595202d229f5f3ab4b852289a1cd09650362db23b9eb0b"},
    {file = "pillow-10.3.0-cp38-cp38-win_amd64.whl", hash = "sha256:2034f6759a722da3a3dbd91a81148cf884e91d1b747992ca288ab88c1de15999"},
    {file = "pillow-10.3.0-cp39-cp39-macosx_10_10_x86_64.whl", hash = "sha256:2ed854e716a89b1afcedea551cd85f2eb2a807613752ab997b9974aaa0d56936"},
    {file = "pillow-10.3.0-cp39-cp39-macosx_11_0_arm64.whl", hash = "sha256:dc1a390a82755a8c26c9964d457d4c9cbec5405896cba94cf51f36ea0d855002"},
    {file = "pillow-10.3.0-cp39-cp39-manylinux_2_17_aarch64.manylinux2014_aarch64.whl", hash = "sha256:4203efca580f0dd6f882ca211f923168548f7ba334c189e9eab1178ab840bf60"},
    {file = "pillow-10.3.0-cp39-cp39-manylinux_2_17_x86_64.manylinux2014_x86_64.whl", hash = "sha256:3102045a10945173d38336f6e71a8dc71bcaeed55c3123ad4af82c52807b9375"},
    {file = "pillow-10.3.0-cp39-cp39-manylinux_2_28_aarch64.whl", hash = "sha256:6fb1b30043271ec92dc65f6d9f0b7a830c210b8a96423074b15c7bc999975f57"},
    {file = "pillow-10.3.0-cp39-cp39-manylinux_2_28_x86_64.whl", hash = "sha256:1dfc94946bc60ea375cc39cff0b8da6c7e5f8fcdc1d946beb8da5c216156ddd8"},
    {file = "pillow-10.3.0-cp39-cp39-musllinux_1_1_aarch64.whl", hash = "sha256:b09b86b27a064c9624d0a6c54da01c1beaf5b6cadfa609cf63789b1d08a797b9"},
    {file = "pillow-10.3.0-cp39-cp39-musllinux_1_1_x86_64.whl", hash = "sha256:d3b2348a78bc939b4fed6552abfd2e7988e0f81443ef3911a4b8498ca084f6eb"},
    {file = "pillow-10.3.0-cp39-cp39-win32.whl", hash = "sha256:45ebc7b45406febf07fef35d856f0293a92e7417ae7933207e90bf9090b70572"},
    {file = "pillow-10.3.0-cp39-cp39-win_amd64.whl", hash = "sha256:0ba26351b137ca4e0db0342d5d00d2e355eb29372c05afd544ebf47c0956ffeb"},
    {file = "pillow-10.3.0-cp39-cp39-win_arm64.whl", hash = "sha256:50fd3f6b26e3441ae07b7c979309638b72abc1a25da31a81a7fbd9495713ef4f"},
    {file = "pillow-10.3.0-pp310-pypy310_pp73-macosx_10_10_x86_64.whl", hash = "sha256:6b02471b72526ab8a18c39cb7967b72d194ec53c1fd0a70b050565a0f366d355"},
    {file = "pillow-10.3.0-pp310-pypy310_pp73-macosx_11_0_arm64.whl", hash = "sha256:8ab74c06ffdab957d7670c2a5a6e1a70181cd10b727cd788c4dd9005b6a8acd9"},
    {file = "pillow-10.3.0-pp310-pypy310_pp73-manylinux_2_17_aarch64.manylinux2014_aarch64.whl", hash = "sha256:048eeade4c33fdf7e08da40ef402e748df113fd0b4584e32c4af74fe78baaeb2"},
    {file = "pillow-10.3.0-pp310-pypy310_pp73-manylinux_2_17_x86_64.manylinux2014_x86_64.whl", hash = "sha256:9e2ec1e921fd07c7cda7962bad283acc2f2a9ccc1b971ee4b216b75fad6f0463"},
    {file = "pillow-10.3.0-pp310-pypy310_pp73-manylinux_2_28_aarch64.whl", hash = "sha256:4c8e73e99da7db1b4cad7f8d682cf6abad7844da39834c288fbfa394a47bbced"},
    {file = "pillow-10.3.0-pp310-pypy310_pp73-manylinux_2_28_x86_64.whl", hash = "sha256:16563993329b79513f59142a6b02055e10514c1a8e86dca8b48a893e33cf91e3"},
    {file = "pillow-10.3.0-pp310-pypy310_pp73-win_amd64.whl", hash = "sha256:dd78700f5788ae180b5ee8902c6aea5a5726bac7c364b202b4b3e3ba2d293170"},
    {file = "pillow-10.3.0-pp39-pypy39_pp73-macosx_10_10_x86_64.whl", hash = "sha256:aff76a55a8aa8364d25400a210a65ff59d0168e0b4285ba6bf2bd83cf675ba32"},
    {file = "pillow-10.3.0-pp39-pypy39_pp73-macosx_11_0_arm64.whl", hash = "sha256:b7bc2176354defba3edc2b9a777744462da2f8e921fbaf61e52acb95bafa9828"},
    {file = "pillow-10.3.0-pp39-pypy39_pp73-manylinux_2_17_aarch64.manylinux2014_aarch64.whl", hash = "sha256:793b4e24db2e8742ca6423d3fde8396db336698c55cd34b660663ee9e45ed37f"},
    {file = "pillow-10.3.0-pp39-pypy39_pp73-manylinux_2_17_x86_64.manylinux2014_x86_64.whl", hash = "sha256:d93480005693d247f8346bc8ee28c72a2191bdf1f6b5db469c096c0c867ac015"},
    {file = "pillow-10.3.0-pp39-pypy39_pp73-manylinux_2_28_aarch64.whl", hash = "sha256:c83341b89884e2b2e55886e8fbbf37c3fa5efd6c8907124aeb72f285ae5696e5"},
    {file = "pillow-10.3.0-pp39-pypy39_pp73-manylinux_2_28_x86_64.whl", hash = "sha256:1a1d1915db1a4fdb2754b9de292642a39a7fb28f1736699527bb649484fb966a"},
    {file = "pillow-10.3.0-pp39-pypy39_pp73-win_amd64.whl", hash = "sha256:a0eaa93d054751ee9964afa21c06247779b90440ca41d184aeb5d410f20ff591"},
    {file = "pillow-10.3.0.tar.gz", hash = "sha256:9d2455fbf44c914840c793e89aa82d0e1763a14253a000743719ae5946814b2d"},
]

[package.extras]
docs = ["furo", "olefile", "sphinx (>=2.4)", "sphinx-copybutton", "sphinx-inline-tabs", "sphinx-removed-in", "sphinxext-opengraph"]
fpx = ["olefile"]
mic = ["olefile"]
tests = ["check-manifest", "coverage", "defusedxml", "markdown2", "olefile", "packaging", "pyroma", "pytest", "pytest-cov", "pytest-timeout"]
typing = ["typing-extensions"]
xmp = ["defusedxml"]

[[package]]
name = "pillow-heif"
version = "0.16.0"
description = "Python interface for libheif library"
optional = false
python-versions = ">=3.8"
files = [
    {file = "pillow_heif-0.16.0-cp310-cp310-macosx_10_10_x86_64.whl", hash = "sha256:c7db96ac172e2654676986e8c35fa32bffdd5b429a8c86b9d628c0333c570d82"},
    {file = "pillow_heif-0.16.0-cp310-cp310-macosx_12_0_arm64.whl", hash = "sha256:a146be0c8e7bef204eeaa14799b2fca8a4a52ad972850975e23ef10cee4e7de7"},
    {file = "pillow_heif-0.16.0-cp310-cp310-manylinux_2_17_aarch64.manylinux2014_aarch64.whl", hash = "sha256:33e0b1549bcdfec363b3ba6fb55b3de882e1409b5b00f5a68a1a027f051e8ef2"},
    {file = "pillow_heif-0.16.0-cp310-cp310-manylinux_2_17_x86_64.manylinux2014_x86_64.whl", hash = "sha256:fea4410ce02e295079db5b2617579ba016671d334ac1888a1d4b34aedb56b866"},
    {file = "pillow_heif-0.16.0-cp310-cp310-musllinux_1_2_aarch64.whl", hash = "sha256:331579ce4f5fa079595c529b06810886ff76f8ade3eb411a1c9c90853a708022"},
    {file = "pillow_heif-0.16.0-cp310-cp310-musllinux_1_2_x86_64.whl", hash = "sha256:792e5d88b7d016fe48ae2fd77a852ec8dcf9a7fad1f7f191d35bc173896fe378"},
    {file = "pillow_heif-0.16.0-cp310-cp310-win_amd64.whl", hash = "sha256:e0492e4fd6d3334b9eed3651058216ef62f04afa099cfc6b05815c1bf0da2c38"},
    {file = "pillow_heif-0.16.0-cp311-cp311-macosx_10_10_x86_64.whl", hash = "sha256:beb6576cbe5a9404a8f2ad9ec68f6b0c406e5e9f5d5573722dc3244898dc9866"},
    {file = "pillow_heif-0.16.0-cp311-cp311-macosx_12_0_arm64.whl", hash = "sha256:241cf6c510215c6df0ee948dfed06a20c099475250c5c6cac5e7a1ef9e0ec4c3"},
    {file = "pillow_heif-0.16.0-cp311-cp311-manylinux_2_17_aarch64.manylinux2014_aarch64.whl", hash = "sha256:28c980bf8d5239ee87986c9217a5954b07993d71d391949a9feafad0a9c5e9a7"},
    {file = "pillow_heif-0.16.0-cp311-cp311-manylinux_2_17_x86_64.manylinux2014_x86_64.whl", hash = "sha256:a8856cf5f0d53f83d814ae5c8d34433e5e5ad9f3e328480257cd6e9fbdb4a458"},
    {file = "pillow_heif-0.16.0-cp311-cp311-musllinux_1_2_aarch64.whl", hash = "sha256:fba5c46f84031f1186bdea2a0c95f82958f8c29321200e73d7ac5e79ee460c83"},
    {file = "pillow_heif-0.16.0-cp311-cp311-musllinux_1_2_x86_64.whl", hash = "sha256:5c7f7a94fc2d08ddcf55a6834c4c55b7dea9605656c565ce11c82e3f6e0454a8"},
    {file = "pillow_heif-0.16.0-cp311-cp311-win_amd64.whl", hash = "sha256:3a2681d4b62418813289987a9420059d724cd93542d0b05e0928fe4578517714"},
    {file = "pillow_heif-0.16.0-cp312-cp312-macosx_10_10_x86_64.whl", hash = "sha256:7e424d6a34b9466d054706393e76b5abdd84fabdc0c72b19ca10435a76140de7"},
    {file = "pillow_heif-0.16.0-cp312-cp312-macosx_12_0_arm64.whl", hash = "sha256:be41b7fadd4a9355d24936f6fad83bb8130fe55ba228ec298ad316392bb6f38b"},
    {file = "pillow_heif-0.16.0-cp312-cp312-manylinux_2_17_aarch64.manylinux2014_aarch64.whl", hash = "sha256:078bc74fd767625e465b2c107228f9c398b9a128bdf81b3f18812d7c07be660f"},
    {file = "pillow_heif-0.16.0-cp312-cp312-manylinux_2_17_x86_64.manylinux2014_x86_64.whl", hash = "sha256:1f4293ecbb81d255d8d887dce4708a58e87c86e53c6f1b1affc4c3105e1bcb8c"},
    {file = "pillow_heif-0.16.0-cp312-cp312-musllinux_1_2_aarch64.whl", hash = "sha256:f63a1d8f95811569df5df9b6b11674038929c2f696221f2a393aee5ac1e535b4"},
    {file = "pillow_heif-0.16.0-cp312-cp312-musllinux_1_2_x86_64.whl", hash = "sha256:89ec30420ddc843c43916febbe31697552ed123396a1696715eea75169866c07"},
    {file = "pillow_heif-0.16.0-cp312-cp312-win_amd64.whl", hash = "sha256:d4595ec975db845d84ab90cbf0678f15b0068b8b83c01d1db7ea524e31bab4b4"},
    {file = "pillow_heif-0.16.0-cp38-cp38-macosx_10_10_x86_64.whl", hash = "sha256:1421d96aebdc9f5773213c8221ce547efb56e37a62da6698312edd4f281efb42"},
    {file = "pillow_heif-0.16.0-cp38-cp38-macosx_12_0_arm64.whl", hash = "sha256:88ff22d2b162e7edd9cb9dd98de81455be04c40a99d1d3d3ebe1602b1a21c453"},
    {file = "pillow_heif-0.16.0-cp38-cp38-manylinux_2_17_aarch64.manylinux2014_aarch64.whl", hash = "sha256:fb3efbe8efd26203589794988b11ea9bf3dea2d3bcf218e658f779d526dfcf80"},
    {file = "pillow_heif-0.16.0-cp38-cp38-manylinux_2_17_x86_64.manylinux2014_x86_64.whl", hash = "sha256:3f062c1be6f04804ffdf0bc452142eff38d7544c8655c04291d16e3b996e4dc4"},
    {file = "pillow_heif-0.16.0-cp38-cp38-musllinux_1_2_aarch64.whl", hash = "sha256:7fabd6534a38078a66ce8b7a5ae8ad37afd9863c930abd3031fb553f1ab4f01a"},
    {file = "pillow_heif-0.16.0-cp38-cp38-musllinux_1_2_x86_64.whl", hash = "sha256:d9e465d92cf01093e3e4c33776af97368add23ac1c8d0007f34b8d3e3390d6ad"},
    {file = "pillow_heif-0.16.0-cp38-cp38-win_amd64.whl", hash = "sha256:502cebc90c11a6bffa2ea899088999c25fc99c8f322e047a266e541e3046b27c"},
    {file = "pillow_heif-0.16.0-cp39-cp39-macosx_10_10_x86_64.whl", hash = "sha256:c2ad68e3e4be40adfc5290bf6daa1569dd7d18501e17779d217ce5cd8c1e338d"},
    {file = "pillow_heif-0.16.0-cp39-cp39-macosx_12_0_arm64.whl", hash = "sha256:8e168d45b2ce63c1fe2334fd02927699b0097de72605f7571948010fd79e58f0"},
    {file = "pillow_heif-0.16.0-cp39-cp39-manylinux_2_17_aarch64.manylinux2014_aarch64.whl", hash = "sha256:9bf10a1686c2d51f4db8ebb78825f96f28d18d1878599e1c64e88cfbdb70a3d2"},
    {file = "pillow_heif-0.16.0-cp39-cp39-manylinux_2_17_x86_64.manylinux2014_x86_64.whl", hash = "sha256:8f15dc73ced02a0ccfac93159d12deeaecfbe4335883a1a3309df0f01c26e6e6"},
    {file = "pillow_heif-0.16.0-cp39-cp39-musllinux_1_2_aarch64.whl", hash = "sha256:2673048f3cf1498327add70f16e1129be2a09cf4a31cbc02363f5760eb5ba955"},
    {file = "pillow_heif-0.16.0-cp39-cp39-musllinux_1_2_x86_64.whl", hash = "sha256:9273af7224e0fb16c18637184a8ea9a8790105658daab04ad541982b8623e5c1"},
    {file = "pillow_heif-0.16.0-cp39-cp39-win_amd64.whl", hash = "sha256:f613dfd05fd62a8b7b57649bfa5db1501be41e18b5e15dd4a2fc12d3e3ddfdaa"},
    {file = "pillow_heif-0.16.0-pp310-pypy310_pp73-macosx_10_10_x86_64.whl", hash = "sha256:3501f22985cbb427c76febf07a7e309cb828e485c0cf250a625733fc06fc1815"},
    {file = "pillow_heif-0.16.0-pp310-pypy310_pp73-macosx_12_0_arm64.whl", hash = "sha256:2b7450303f08ec81d1a63a75052863bb687fc3be1fdd8a34d2c0fef627aacae5"},
    {file = "pillow_heif-0.16.0-pp310-pypy310_pp73-manylinux_2_17_aarch64.manylinux2014_aarch64.whl", hash = "sha256:7794c1a8304eeb841d72cb73aa64cc60c9e5dccb2c7612f8caf528505f78581f"},
    {file = "pillow_heif-0.16.0-pp310-pypy310_pp73-manylinux_2_17_x86_64.manylinux2014_x86_64.whl", hash = "sha256:e5edd98192f74e4c7cffdd62953b2987e2b1e0d6a55d5c940306bed71f40206a"},
    {file = "pillow_heif-0.16.0-pp310-pypy310_pp73-win_amd64.whl", hash = "sha256:38fa2854ec7dbe6c875d64cc5b3cf5cc55f1c8a0248dc1c7c34e9d2505521b82"},
    {file = "pillow_heif-0.16.0-pp38-pypy38_pp73-macosx_10_10_x86_64.whl", hash = "sha256:b50160331754b603524e6ed33c386f478fd66fb345fa6433a507a01c8de642c6"},
    {file = "pillow_heif-0.16.0-pp38-pypy38_pp73-macosx_12_0_arm64.whl", hash = "sha256:9fd829c257a763e3a2e8418a773c2808c90799ee3e6b405b5399cb4fdfbe336e"},
    {file = "pillow_heif-0.16.0-pp38-pypy38_pp73-manylinux_2_17_aarch64.manylinux2014_aarch64.whl", hash = "sha256:bbd9cc527bbd53c3e7588e16aad170e11cfd180b7e9bd84f18fb020ddec11408"},
    {file = "pillow_heif-0.16.0-pp38-pypy38_pp73-manylinux_2_17_x86_64.manylinux2014_x86_64.whl", hash = "sha256:a27abb523a07b17c118c09f1a00f92cde2295f8e997600024d4b57df3c5ba818"},
    {file = "pillow_heif-0.16.0-pp38-pypy38_pp73-win_amd64.whl", hash = "sha256:0075adeb324adb07ddbfbe8a5c79ed12e5d04e60e9a642ff9427e71b5b0adccd"},
    {file = "pillow_heif-0.16.0-pp39-pypy39_pp73-macosx_10_10_x86_64.whl", hash = "sha256:40014105688478d6ca146fc04bff6c13f445d01bdea79417b34ee50c1e559190"},
    {file = "pillow_heif-0.16.0-pp39-pypy39_pp73-macosx_12_0_arm64.whl", hash = "sha256:7ef47297d526147923f4ecc7ff681a5d5f4e6e3300017681f59968652a0d8afb"},
    {file = "pillow_heif-0.16.0-pp39-pypy39_pp73-manylinux_2_17_aarch64.manylinux2014_aarch64.whl", hash = "sha256:9923dfcc97ae9484d3514f2f6ec368e2ac97cd66f7b95359cc1b0ec0c1cd6157"},
    {file = "pillow_heif-0.16.0-pp39-pypy39_pp73-manylinux_2_17_x86_64.manylinux2014_x86_64.whl", hash = "sha256:17963a73186961fe7792aef01c46e980635f3fcc1836393de39ec9c6776ca51e"},
    {file = "pillow_heif-0.16.0-pp39-pypy39_pp73-win_amd64.whl", hash = "sha256:4b6caa5b13b4dfc180507527254014530f6bedbeabc1de2238918bf5b2700c7e"},
    {file = "pillow_heif-0.16.0.tar.gz", hash = "sha256:4d95004bb77aa640f80617716aa21bc092ec06307f6f2ad423deeeda07b4d29c"},
]

[package.dependencies]
pillow = ">=9.5.0"

[package.extras]
dev = ["coverage", "defusedxml", "numpy", "opencv-python (==4.9.0.80)", "packaging", "pre-commit", "pylint", "pympler", "pytest"]
docs = ["sphinx (>=4.4)", "sphinx-issues (>=3.0.1)", "sphinx-rtd-theme (>=1.0)"]
tests = ["defusedxml", "numpy", "packaging", "pympler", "pytest"]
tests-min = ["defusedxml", "packaging", "pytest"]

[[package]]
name = "pluggy"
version = "1.5.0"
description = "plugin and hook calling mechanisms for python"
optional = false
python-versions = ">=3.8"
files = [
    {file = "pluggy-1.5.0-py3-none-any.whl", hash = "sha256:44e1ad92c8ca002de6377e165f3e0f1be63266ab4d554740532335b9d75ea669"},
    {file = "pluggy-1.5.0.tar.gz", hash = "sha256:2cffa88e94fdc978c4c574f15f9e59b7f4201d439195c3715ca9e2486f1d0cf1"},
]

[package.extras]
dev = ["pre-commit", "tox"]
testing = ["pytest", "pytest-benchmark"]

[[package]]
name = "pyside6-essentials"
version = "6.7.1"
description = "Python bindings for the Qt cross-platform application and UI framework (Essentials)"
optional = false
python-versions = "<3.13,>=3.9"
files = [
    {file = "PySide6_Essentials-6.7.1-cp39-abi3-macosx_11_0_universal2.whl", hash = "sha256:a527ec6d36533ad1ef04209b01d3d3d0286e0caaf26ec0fb0db601abbe738aac"},
    {file = "PySide6_Essentials-6.7.1-cp39-abi3-manylinux_2_28_x86_64.whl", hash = "sha256:b2d70dc4376c1b1ff5b2988a428a0ed5a889173ce9a0b56803468063d0ef7c75"},
    {file = "PySide6_Essentials-6.7.1-cp39-abi3-manylinux_2_31_aarch64.whl", hash = "sha256:b1cc7eadccd2a3a6cf4bc789b874bd316714b8c5191ade4a710b952bd0d2cc81"},
    {file = "PySide6_Essentials-6.7.1-cp39-abi3-win_amd64.whl", hash = "sha256:9a42670f1288759abef1bb1ce948f05acc2cc07a88df14e06467a9c43405b616"},
]

[package.dependencies]
shiboken6 = "6.7.1"

[[package]]
name = "pytest"
version = "8.2.2"
description = "pytest: simple powerful testing with Python"
optional = false
python-versions = ">=3.8"
files = [
    {file = "pytest-8.2.2-py3-none-any.whl", hash = "sha256:c434598117762e2bd304e526244f67bf66bbd7b5d6cf22138be51ff661980343"},
    {file = "pytest-8.2.2.tar.gz", hash = "sha256:de4bb8104e201939ccdc688b27a89a7be2079b22e2bd2b07f806b6ba71117977"},
]

[package.dependencies]
colorama = {version = "*", markers = "sys_platform == \"win32\""}
iniconfig = "*"
packaging = "*"
pluggy = ">=1.5,<2.0"

[package.extras]
dev = ["argcomplete", "attrs (>=19.2)", "hypothesis (>=3.56)", "mock", "pygments (>=2.7.2)", "requests", "setuptools", "xmlschema"]

[[package]]
name = "ruff"
version = "0.5.1"
description = "An extremely fast Python linter and code formatter, written in Rust."
optional = false
python-versions = ">=3.7"
files = [
    {file = "ruff-0.5.1-py3-none-linux_armv6l.whl", hash = "sha256:6ecf968fcf94d942d42b700af18ede94b07521bd188aaf2cd7bc898dd8cb63b6"},
    {file = "ruff-0.5.1-py3-none-macosx_10_12_x86_64.whl", hash = "sha256:204fb0a472f00f2e6280a7c8c7c066e11e20e23a37557d63045bf27a616ba61c"},
    {file = "ruff-0.5.1-py3-none-macosx_11_0_arm64.whl", hash = "sha256:d235968460e8758d1e1297e1de59a38d94102f60cafb4d5382033c324404ee9d"},
    {file = "ruff-0.5.1-py3-none-manylinux_2_17_aarch64.manylinux2014_aarch64.whl", hash = "sha256:38beace10b8d5f9b6bdc91619310af6d63dd2019f3fb2d17a2da26360d7962fa"},
    {file = "ruff-0.5.1-py3-none-manylinux_2_17_armv7l.manylinux2014_armv7l.whl", hash = "sha256:5e478d2f09cf06add143cf8c4540ef77b6599191e0c50ed976582f06e588c994"},
    {file = "ruff-0.5.1-py3-none-manylinux_2_17_i686.manylinux2014_i686.whl", hash = "sha256:f0368d765eec8247b8550251c49ebb20554cc4e812f383ff9f5bf0d5d94190b0"},
    {file = "ruff-0.5.1-py3-none-manylinux_2_17_ppc64.manylinux2014_ppc64.whl", hash = "sha256:3a9a9a1b582e37669b0138b7c1d9d60b9edac880b80eb2baba6d0e566bdeca4d"},
    {file = "ruff-0.5.1-py3-none-manylinux_2_17_ppc64le.manylinux2014_ppc64le.whl", hash = "sha256:bdd9f723e16003623423affabcc0a807a66552ee6a29f90eddad87a40c750b78"},
    {file = "ruff-0.5.1-py3-none-manylinux_2_17_s390x.manylinux2014_s390x.whl", hash = "sha256:be9fd62c1e99539da05fcdc1e90d20f74aec1b7a1613463ed77870057cd6bd96"},
    {file = "ruff-0.5.1-py3-none-manylinux_2_17_x86_64.manylinux2014_x86_64.whl", hash = "sha256:e216fc75a80ea1fbd96af94a6233d90190d5b65cc3d5dfacf2bd48c3e067d3e1"},
    {file = "ruff-0.5.1-py3-none-musllinux_1_2_aarch64.whl", hash = "sha256:c4c2112e9883a40967827d5c24803525145e7dab315497fae149764979ac7929"},
    {file = "ruff-0.5.1-py3-none-musllinux_1_2_armv7l.whl", hash = "sha256:dfaf11c8a116394da3b65cd4b36de30d8552fa45b8119b9ef5ca6638ab964fa3"},
    {file = "ruff-0.5.1-py3-none-musllinux_1_2_i686.whl", hash = "sha256:d7ceb9b2fe700ee09a0c6b192c5ef03c56eb82a0514218d8ff700f6ade004108"},
    {file = "ruff-0.5.1-py3-none-musllinux_1_2_x86_64.whl", hash = "sha256:bac6288e82f6296f82ed5285f597713acb2a6ae26618ffc6b429c597b392535c"},
    {file = "ruff-0.5.1-py3-none-win32.whl", hash = "sha256:5c441d9c24ec09e1cb190a04535c5379b36b73c4bc20aa180c54812c27d1cca4"},
    {file = "ruff-0.5.1-py3-none-win_amd64.whl", hash = "sha256:b1789bf2cd3d1b5a7d38397cac1398ddf3ad7f73f4de01b1e913e2abc7dfc51d"},
    {file = "ruff-0.5.1-py3-none-win_arm64.whl", hash = "sha256:2875b7596a740cbbd492f32d24be73e545a4ce0a3daf51e4f4e609962bfd3cd2"},
    {file = "ruff-0.5.1.tar.gz", hash = "sha256:3164488aebd89b1745b47fd00604fb4358d774465f20d1fcd907f9c0fc1b0655"},
]

[[package]]
name = "shiboken6"
version = "6.7.1"
description = "Python/C++ bindings helper module"
optional = false
python-versions = "<3.13,>=3.9"
files = [
    {file = "shiboken6-6.7.1-cp39-abi3-macosx_11_0_universal2.whl", hash = "sha256:80aa412a45d984592a865f95a6d0e39b70e41ef251d11a39880802454d9d87c8"},
    {file = "shiboken6-6.7.1-cp39-abi3-manylinux_2_28_x86_64.whl", hash = "sha256:6322b7a6232fc93eac0b11489007734438ae1e6213429fd6d7521d04072c2f87"},
    {file = "shiboken6-6.7.1-cp39-abi3-manylinux_2_31_aarch64.whl", hash = "sha256:ec53bfcc4bb762bc845548410e17a09447837a3f20102efb4f91c12688648091"},
    {file = "shiboken6-6.7.1-cp39-abi3-win_amd64.whl", hash = "sha256:a023ac2dc24c9325dbd0698bb7c21057e2361e92a2e187009820433342c882a0"},
]

[metadata]
lock-version = "2.0"
python-versions = ">=3.12,<3.13"
content-hash = "56eed85cb7fa949becf188bcb79a7b54bc644b7a1f0d23fe053195f4b7e638de"
